// !$*UTF8*$!
{
	archiveVersion = 1;
	classes = {
	};
	objectVersion = 46;
	objects = {

/* Begin PBXBuildFile section */
		1AC6FB1F180E996B004C840B /* libbox2d Mac.a in Frameworks */ = {isa = PBXBuildFile; fileRef = 1AC6FAFF180E9839004C840B /* libbox2d Mac.a */; };
		1AC6FB20180E996B004C840B /* libchipmunk Mac.a in Frameworks */ = {isa = PBXBuildFile; fileRef = 1AC6FAFD180E9839004C840B /* libchipmunk Mac.a */; };
		1AC6FB21180E996B004C840B /* libcocos2dx Mac.a in Frameworks */ = {isa = PBXBuildFile; fileRef = 1AC6FAF9180E9839004C840B /* libcocos2dx Mac.a */; };
		1AC6FB22180E996B004C840B /* libcocos2dx-extensions Mac.a in Frameworks */ = {isa = PBXBuildFile; fileRef = 1AC6FAFB180E9839004C840B /* libcocos2dx-extensions Mac.a */; };
		1AC6FB23180E996B004C840B /* libCocosDenshion Mac.a in Frameworks */ = {isa = PBXBuildFile; fileRef = 1AC6FB01180E9839004C840B /* libCocosDenshion Mac.a */; };
		1AC6FB2E180E99EB004C840B /* libbox2d iOS.a in Frameworks */ = {isa = PBXBuildFile; fileRef = 1AC6FB0D180E9839004C840B /* libbox2d iOS.a */; };
		1AC6FB2F180E99EB004C840B /* libchipmunk iOS.a in Frameworks */ = {isa = PBXBuildFile; fileRef = 1AC6FB0B180E9839004C840B /* libchipmunk iOS.a */; };
		1AC6FB30180E99EB004C840B /* libcocos2dx iOS.a in Frameworks */ = {isa = PBXBuildFile; fileRef = 1AC6FB07180E9839004C840B /* libcocos2dx iOS.a */; };
		1AC6FB31180E99EB004C840B /* libcocos2dx-extensions iOS.a in Frameworks */ = {isa = PBXBuildFile; fileRef = 1AC6FB09180E9839004C840B /* libcocos2dx-extensions iOS.a */; };
		1AC6FB32180E99EB004C840B /* libCocosDenshion iOS.a in Frameworks */ = {isa = PBXBuildFile; fileRef = 1AC6FB0F180E9839004C840B /* libCocosDenshion iOS.a */; };
		1AFAF8B716D35DE700DB1158 /* AppDelegate.cpp in Sources */ = {isa = PBXBuildFile; fileRef = 1AFAF8B316D35DE700DB1158 /* AppDelegate.cpp */; };
		1AFAF8BC16D35E4900DB1158 /* CloseNormal.png in Resources */ = {isa = PBXBuildFile; fileRef = 1AFAF8B916D35E4900DB1158 /* CloseNormal.png */; };
		1AFAF8BD16D35E4900DB1158 /* CloseSelected.png in Resources */ = {isa = PBXBuildFile; fileRef = 1AFAF8BA16D35E4900DB1158 /* CloseSelected.png */; };
		1AFAF8BE16D35E4900DB1158 /* HelloWorld.png in Resources */ = {isa = PBXBuildFile; fileRef = 1AFAF8BB16D35E4900DB1158 /* HelloWorld.png */; };
		1D60589F0D05DD5A006BFB54 /* Foundation.framework in Frameworks */ = {isa = PBXBuildFile; fileRef = 1D30AB110D05D00D00671497 /* Foundation.framework */; };
		1DF5F4E00D08C38300B7A737 /* UIKit.framework in Frameworks */ = {isa = PBXBuildFile; fileRef = 1DF5F4DF0D08C38300B7A737 /* UIKit.framework */; };
		288765A50DF7441C002DB57D /* CoreGraphics.framework in Frameworks */ = {isa = PBXBuildFile; fileRef = 288765A40DF7441C002DB57D /* CoreGraphics.framework */; };
		503AE0F817EB97AB00D1A890 /* Icon.icns in Resources */ = {isa = PBXBuildFile; fileRef = 503AE0F617EB97AB00D1A890 /* Icon.icns */; };
		503AE10017EB989F00D1A890 /* AppController.mm in Sources */ = {isa = PBXBuildFile; fileRef = 503AE0FB17EB989F00D1A890 /* AppController.mm */; };
		503AE10117EB989F00D1A890 /* main.m in Sources */ = {isa = PBXBuildFile; fileRef = 503AE0FC17EB989F00D1A890 /* main.m */; };
		503AE10217EB989F00D1A890 /* RootViewController.mm in Sources */ = {isa = PBXBuildFile; fileRef = 503AE0FF17EB989F00D1A890 /* RootViewController.mm */; };
		503AE10517EB98FF00D1A890 /* main.cpp in Sources */ = {isa = PBXBuildFile; fileRef = 503AE10317EB98FF00D1A890 /* main.cpp */; };
		503AE11217EB99EE00D1A890 /* libcurl.dylib in Frameworks */ = {isa = PBXBuildFile; fileRef = 503AE11117EB99EE00D1A890 /* libcurl.dylib */; };
		503AE11B17EB9C5A00D1A890 /* IOKit.framework in Frameworks */ = {isa = PBXBuildFile; fileRef = 503AE11A17EB9C5A00D1A890 /* IOKit.framework */; };
		5087E75317EB910900C73F5D /* CloseNormal.png in Resources */ = {isa = PBXBuildFile; fileRef = 1AFAF8B916D35E4900DB1158 /* CloseNormal.png */; };
		5087E75417EB910900C73F5D /* CloseSelected.png in Resources */ = {isa = PBXBuildFile; fileRef = 1AFAF8BA16D35E4900DB1158 /* CloseSelected.png */; };
		5087E75517EB910900C73F5D /* HelloWorld.png in Resources */ = {isa = PBXBuildFile; fileRef = 1AFAF8BB16D35E4900DB1158 /* HelloWorld.png */; };
		5087E75717EB910900C73F5D /* AppDelegate.cpp in Sources */ = {isa = PBXBuildFile; fileRef = 1AFAF8B316D35DE700DB1158 /* AppDelegate.cpp */; };
		5087E76317EB910900C73F5D /* Foundation.framework in Frameworks */ = {isa = PBXBuildFile; fileRef = 1D30AB110D05D00D00671497 /* Foundation.framework */; };
		5087E76517EB910900C73F5D /* CoreGraphics.framework in Frameworks */ = {isa = PBXBuildFile; fileRef = 288765A40DF7441C002DB57D /* CoreGraphics.framework */; };
		5087E76717EB910900C73F5D /* libz.dylib in Frameworks */ = {isa = PBXBuildFile; fileRef = BF170DB412928DE900B8313A /* libz.dylib */; };
		5087E76817EB910900C73F5D /* QuartzCore.framework in Frameworks */ = {isa = PBXBuildFile; fileRef = BF1C47EA1293683800B63C5D /* QuartzCore.framework */; };
		5087E76917EB910900C73F5D /* OpenAL.framework in Frameworks */ = {isa = PBXBuildFile; fileRef = D44C620B132DFF330009C878 /* OpenAL.framework */; };
		5087E76A17EB910900C73F5D /* AVFoundation.framework in Frameworks */ = {isa = PBXBuildFile; fileRef = D44C620D132DFF430009C878 /* AVFoundation.framework */; };
		5087E76B17EB910900C73F5D /* AudioToolbox.framework in Frameworks */ = {isa = PBXBuildFile; fileRef = D44C620F132DFF4E0009C878 /* AudioToolbox.framework */; };
		5087E77D17EB970100C73F5D /* Default-568h@2x.png in Resources */ = {isa = PBXBuildFile; fileRef = 5087E77217EB970100C73F5D /* Default-568h@2x.png */; };
		5087E77E17EB970100C73F5D /* Default.png in Resources */ = {isa = PBXBuildFile; fileRef = 5087E77317EB970100C73F5D /* Default.png */; };
		5087E77F17EB970100C73F5D /* Default@2x.png in Resources */ = {isa = PBXBuildFile; fileRef = 5087E77417EB970100C73F5D /* Default@2x.png */; };
		5087E78017EB970100C73F5D /* Icon-114.png in Resources */ = {isa = PBXBuildFile; fileRef = 5087E77517EB970100C73F5D /* Icon-114.png */; };
		5087E78117EB970100C73F5D /* Icon-120.png in Resources */ = {isa = PBXBuildFile; fileRef = 5087E77617EB970100C73F5D /* Icon-120.png */; };
		5087E78217EB970100C73F5D /* Icon-144.png in Resources */ = {isa = PBXBuildFile; fileRef = 5087E77717EB970100C73F5D /* Icon-144.png */; };
		5087E78317EB970100C73F5D /* Icon-152.png in Resources */ = {isa = PBXBuildFile; fileRef = 5087E77817EB970100C73F5D /* Icon-152.png */; };
		5087E78417EB970100C73F5D /* Icon-57.png in Resources */ = {isa = PBXBuildFile; fileRef = 5087E77917EB970100C73F5D /* Icon-57.png */; };
		5087E78517EB970100C73F5D /* Icon-72.png in Resources */ = {isa = PBXBuildFile; fileRef = 5087E77A17EB970100C73F5D /* Icon-72.png */; };
		5087E78617EB970100C73F5D /* Icon-76.png in Resources */ = {isa = PBXBuildFile; fileRef = 5087E77B17EB970100C73F5D /* Icon-76.png */; };
		5087E78917EB974C00C73F5D /* AppKit.framework in Frameworks */ = {isa = PBXBuildFile; fileRef = 5087E78817EB974C00C73F5D /* AppKit.framework */; };
		5087E78B17EB975400C73F5D /* OpenGL.framework in Frameworks */ = {isa = PBXBuildFile; fileRef = 5087E78A17EB975400C73F5D /* OpenGL.framework */; };
		50EF629617ECD46A001EB2F8 /* Icon-40.png in Resources */ = {isa = PBXBuildFile; fileRef = 50EF629217ECD46A001EB2F8 /* Icon-40.png */; };
		50EF629717ECD46A001EB2F8 /* Icon-58.png in Resources */ = {isa = PBXBuildFile; fileRef = 50EF629317ECD46A001EB2F8 /* Icon-58.png */; };
		50EF629817ECD46A001EB2F8 /* Icon-80.png in Resources */ = {isa = PBXBuildFile; fileRef = 50EF629417ECD46A001EB2F8 /* Icon-80.png */; };
		50EF629917ECD46A001EB2F8 /* Icon-100.png in Resources */ = {isa = PBXBuildFile; fileRef = 50EF629517ECD46A001EB2F8 /* Icon-100.png */; };
		50EF62A217ECD613001EB2F8 /* Icon-29.png in Resources */ = {isa = PBXBuildFile; fileRef = 50EF62A017ECD613001EB2F8 /* Icon-29.png */; };
		50EF62A317ECD613001EB2F8 /* Icon-50.png in Resources */ = {isa = PBXBuildFile; fileRef = 50EF62A117ECD613001EB2F8 /* Icon-50.png */; };
		51B509CA1940682F00A3CE12 /* Background-hd.png in Resources */ = {isa = PBXBuildFile; fileRef = 51B509A31940682F00A3CE12 /* Background-hd.png */; };
		51B509CB1940682F00A3CE12 /* Background-hd.png in Resources */ = {isa = PBXBuildFile; fileRef = 51B509A31940682F00A3CE12 /* Background-hd.png */; };
		51B509CC1940682F00A3CE12 /* Background.png in Resources */ = {isa = PBXBuildFile; fileRef = 51B509A41940682F00A3CE12 /* Background.png */; };
		51B509CD1940682F00A3CE12 /* Background.png in Resources */ = {isa = PBXBuildFile; fileRef = 51B509A41940682F00A3CE12 /* Background.png */; };
		51B509CE1940682F00A3CE12 /* Ball_blue-hd.png in Resources */ = {isa = PBXBuildFile; fileRef = 51B509A51940682F00A3CE12 /* Ball_blue-hd.png */; };
		51B509CF1940682F00A3CE12 /* Ball_blue-hd.png in Resources */ = {isa = PBXBuildFile; fileRef = 51B509A51940682F00A3CE12 /* Ball_blue-hd.png */; };
		51B509D01940682F00A3CE12 /* Ball_blue.png in Resources */ = {isa = PBXBuildFile; fileRef = 51B509A61940682F00A3CE12 /* Ball_blue.png */; };
		51B509D11940682F00A3CE12 /* Ball_blue.png in Resources */ = {isa = PBXBuildFile; fileRef = 51B509A61940682F00A3CE12 /* Ball_blue.png */; };
		51B509D21940682F00A3CE12 /* Ball_green-hd.png in Resources */ = {isa = PBXBuildFile; fileRef = 51B509A71940682F00A3CE12 /* Ball_green-hd.png */; };
		51B509D31940682F00A3CE12 /* Ball_green-hd.png in Resources */ = {isa = PBXBuildFile; fileRef = 51B509A71940682F00A3CE12 /* Ball_green-hd.png */; };
		51B509D41940682F00A3CE12 /* Ball_green.png in Resources */ = {isa = PBXBuildFile; fileRef = 51B509A81940682F00A3CE12 /* Ball_green.png */; };
		51B509D51940682F00A3CE12 /* Ball_green.png in Resources */ = {isa = PBXBuildFile; fileRef = 51B509A81940682F00A3CE12 /* Ball_green.png */; };
		51B509D61940682F00A3CE12 /* Ball_orange-hd.png in Resources */ = {isa = PBXBuildFile; fileRef = 51B509A91940682F00A3CE12 /* Ball_orange-hd.png */; };
		51B509D71940682F00A3CE12 /* Ball_orange-hd.png in Resources */ = {isa = PBXBuildFile; fileRef = 51B509A91940682F00A3CE12 /* Ball_orange-hd.png */; };
		51B509D81940682F00A3CE12 /* Ball_orange.png in Resources */ = {isa = PBXBuildFile; fileRef = 51B509AA1940682F00A3CE12 /* Ball_orange.png */; };
		51B509D91940682F00A3CE12 /* Ball_orange.png in Resources */ = {isa = PBXBuildFile; fileRef = 51B509AA1940682F00A3CE12 /* Ball_orange.png */; };
		51B509DA1940682F00A3CE12 /* Ball_red-hd.png in Resources */ = {isa = PBXBuildFile; fileRef = 51B509AB1940682F00A3CE12 /* Ball_red-hd.png */; };
		51B509DB1940682F00A3CE12 /* Ball_red-hd.png in Resources */ = {isa = PBXBuildFile; fileRef = 51B509AB1940682F00A3CE12 /* Ball_red-hd.png */; };
		51B509DC1940682F00A3CE12 /* Ball_red.png in Resources */ = {isa = PBXBuildFile; fileRef = 51B509AC1940682F00A3CE12 /* Ball_red.png */; };
		51B509DD1940682F00A3CE12 /* Ball_red.png in Resources */ = {isa = PBXBuildFile; fileRef = 51B509AC1940682F00A3CE12 /* Ball_red.png */; };
		51B509DE1940682F00A3CE12 /* Ball_violet-hd.png in Resources */ = {isa = PBXBuildFile; fileRef = 51B509AD1940682F00A3CE12 /* Ball_violet-hd.png */; };
		51B509DF1940682F00A3CE12 /* Ball_violet-hd.png in Resources */ = {isa = PBXBuildFile; fileRef = 51B509AD1940682F00A3CE12 /* Ball_violet-hd.png */; };
		51B509E01940682F00A3CE12 /* Ball_violet.png in Resources */ = {isa = PBXBuildFile; fileRef = 51B509AE1940682F00A3CE12 /* Ball_violet.png */; };
		51B509E11940682F00A3CE12 /* Ball_violet.png in Resources */ = {isa = PBXBuildFile; fileRef = 51B509AE1940682F00A3CE12 /* Ball_violet.png */; };
		51B509E21940682F00A3CE12 /* Ball_yellow-hd.png in Resources */ = {isa = PBXBuildFile; fileRef = 51B509AF1940682F00A3CE12 /* Ball_yellow-hd.png */; };
		51B509E31940682F00A3CE12 /* Ball_yellow-hd.png in Resources */ = {isa = PBXBuildFile; fileRef = 51B509AF1940682F00A3CE12 /* Ball_yellow-hd.png */; };
		51B509E41940682F00A3CE12 /* Ball_yellow.png in Resources */ = {isa = PBXBuildFile; fileRef = 51B509B01940682F00A3CE12 /* Ball_yellow.png */; };
		51B509E51940682F00A3CE12 /* Ball_yellow.png in Resources */ = {isa = PBXBuildFile; fileRef = 51B509B01940682F00A3CE12 /* Ball_yellow.png */; };
		51B509E61940682F00A3CE12 /* Default-568h@2x.png in Resources */ = {isa = PBXBuildFile; fileRef = 51B509B11940682F00A3CE12 /* Default-568h@2x.png */; };
		51B509E71940682F00A3CE12 /* Default-568h@2x.png in Resources */ = {isa = PBXBuildFile; fileRef = 51B509B11940682F00A3CE12 /* Default-568h@2x.png */; };
		51B509E81940682F00A3CE12 /* Default-Landscape~ipad.png in Resources */ = {isa = PBXBuildFile; fileRef = 51B509B21940682F00A3CE12 /* Default-Landscape~ipad.png */; };
		51B509E91940682F00A3CE12 /* Default-Landscape~ipad.png in Resources */ = {isa = PBXBuildFile; fileRef = 51B509B21940682F00A3CE12 /* Default-Landscape~ipad.png */; };
		51B509EA1940682F00A3CE12 /* Default.png in Resources */ = {isa = PBXBuildFile; fileRef = 51B509B31940682F00A3CE12 /* Default.png */; };
		51B509EB1940682F00A3CE12 /* Default.png in Resources */ = {isa = PBXBuildFile; fileRef = 51B509B31940682F00A3CE12 /* Default.png */; };
		51B509EC1940682F00A3CE12 /* Default@2x.png in Resources */ = {isa = PBXBuildFile; fileRef = 51B509B41940682F00A3CE12 /* Default@2x.png */; };
		51B509ED1940682F00A3CE12 /* Default@2x.png in Resources */ = {isa = PBXBuildFile; fileRef = 51B509B41940682F00A3CE12 /* Default@2x.png */; };
		51B509EE1940682F00A3CE12 /* Foreground-hd.png in Resources */ = {isa = PBXBuildFile; fileRef = 51B509B51940682F00A3CE12 /* Foreground-hd.png */; };
		51B509EF1940682F00A3CE12 /* Foreground-hd.png in Resources */ = {isa = PBXBuildFile; fileRef = 51B509B51940682F00A3CE12 /* Foreground-hd.png */; };
		51B509F01940682F00A3CE12 /* Foreground.png in Resources */ = {isa = PBXBuildFile; fileRef = 51B509B61940682F00A3CE12 /* Foreground.png */; };
		51B509F11940682F00A3CE12 /* Foreground.png in Resources */ = {isa = PBXBuildFile; fileRef = 51B509B61940682F00A3CE12 /* Foreground.png */; };
		51B509F21940682F00A3CE12 /* Icon-120.png in Resources */ = {isa = PBXBuildFile; fileRef = 51B509B81940682F00A3CE12 /* Icon-120.png */; };
		51B509F31940682F00A3CE12 /* Icon-120.png in Resources */ = {isa = PBXBuildFile; fileRef = 51B509B81940682F00A3CE12 /* Icon-120.png */; };
		51B509F41940682F00A3CE12 /* Icon-72.png in Resources */ = {isa = PBXBuildFile; fileRef = 51B509B91940682F00A3CE12 /* Icon-72.png */; };
		51B509F51940682F00A3CE12 /* Icon-72.png in Resources */ = {isa = PBXBuildFile; fileRef = 51B509B91940682F00A3CE12 /* Icon-72.png */; };
		51B509F61940682F00A3CE12 /* Icon-72@2x.png in Resources */ = {isa = PBXBuildFile; fileRef = 51B509BA1940682F00A3CE12 /* Icon-72@2x.png */; };
		51B509F71940682F00A3CE12 /* Icon-72@2x.png in Resources */ = {isa = PBXBuildFile; fileRef = 51B509BA1940682F00A3CE12 /* Icon-72@2x.png */; };
		51B509F81940682F00A3CE12 /* Icon-76.png in Resources */ = {isa = PBXBuildFile; fileRef = 51B509BB1940682F00A3CE12 /* Icon-76.png */; };
		51B509F91940682F00A3CE12 /* Icon-76.png in Resources */ = {isa = PBXBuildFile; fileRef = 51B509BB1940682F00A3CE12 /* Icon-76.png */; };
		51B509FA1940682F00A3CE12 /* Icon-76@2x.png in Resources */ = {isa = PBXBuildFile; fileRef = 51B509BC1940682F00A3CE12 /* Icon-76@2x.png */; };
		51B509FB1940682F00A3CE12 /* Icon-76@2x.png in Resources */ = {isa = PBXBuildFile; fileRef = 51B509BC1940682F00A3CE12 /* Icon-76@2x.png */; };
		51B509FC1940682F00A3CE12 /* Icon-iPad-Spotlight-iOS7@2x.png in Resources */ = {isa = PBXBuildFile; fileRef = 51B509BD1940682F00A3CE12 /* Icon-iPad-Spotlight-iOS7@2x.png */; };
		51B509FD1940682F00A3CE12 /* Icon-iPad-Spotlight-iOS7@2x.png in Resources */ = {isa = PBXBuildFile; fileRef = 51B509BD1940682F00A3CE12 /* Icon-iPad-Spotlight-iOS7@2x.png */; };
		51B509FE1940682F00A3CE12 /* Icon-Small-50.png in Resources */ = {isa = PBXBuildFile; fileRef = 51B509BE1940682F00A3CE12 /* Icon-Small-50.png */; };
		51B509FF1940682F00A3CE12 /* Icon-Small-50.png in Resources */ = {isa = PBXBuildFile; fileRef = 51B509BE1940682F00A3CE12 /* Icon-Small-50.png */; };
		51B50A001940682F00A3CE12 /* Icon-Small.png in Resources */ = {isa = PBXBuildFile; fileRef = 51B509BF1940682F00A3CE12 /* Icon-Small.png */; };
		51B50A011940682F00A3CE12 /* Icon-Small.png in Resources */ = {isa = PBXBuildFile; fileRef = 51B509BF1940682F00A3CE12 /* Icon-Small.png */; };
		51B50A021940682F00A3CE12 /* Icon-Small@2x.png in Resources */ = {isa = PBXBuildFile; fileRef = 51B509C01940682F00A3CE12 /* Icon-Small@2x.png */; };
		51B50A031940682F00A3CE12 /* Icon-Small@2x.png in Resources */ = {isa = PBXBuildFile; fileRef = 51B509C01940682F00A3CE12 /* Icon-Small@2x.png */; };
		51B50A041940682F00A3CE12 /* Icon-Spotlight-iOS7.png in Resources */ = {isa = PBXBuildFile; fileRef = 51B509C11940682F00A3CE12 /* Icon-Spotlight-iOS7.png */; };
		51B50A051940682F00A3CE12 /* Icon-Spotlight-iOS7.png in Resources */ = {isa = PBXBuildFile; fileRef = 51B509C11940682F00A3CE12 /* Icon-Spotlight-iOS7.png */; };
		51B50A061940682F00A3CE12 /* Icon-Spotlight-iOS7@2x.png in Resources */ = {isa = PBXBuildFile; fileRef = 51B509C21940682F00A3CE12 /* Icon-Spotlight-iOS7@2x.png */; };
		51B50A071940682F00A3CE12 /* Icon-Spotlight-iOS7@2x.png in Resources */ = {isa = PBXBuildFile; fileRef = 51B509C21940682F00A3CE12 /* Icon-Spotlight-iOS7@2x.png */; };
		51B50A081940682F00A3CE12 /* Icon.png in Resources */ = {isa = PBXBuildFile; fileRef = 51B509C31940682F00A3CE12 /* Icon.png */; };
		51B50A091940682F00A3CE12 /* Icon.png in Resources */ = {isa = PBXBuildFile; fileRef = 51B509C31940682F00A3CE12 /* Icon.png */; };
		51B50A0A1940682F00A3CE12 /* Icon@2x.png in Resources */ = {isa = PBXBuildFile; fileRef = 51B509C41940682F00A3CE12 /* Icon@2x.png */; };
		51B50A0B1940682F00A3CE12 /* Icon@2x.png in Resources */ = {isa = PBXBuildFile; fileRef = 51B509C41940682F00A3CE12 /* Icon@2x.png */; };
		51B50A0C1940682F00A3CE12 /* Info.plist in Resources */ = {isa = PBXBuildFile; fileRef = 51B509C51940682F00A3CE12 /* Info.plist */; };
		51B50A0D1940682F00A3CE12 /* Info.plist in Resources */ = {isa = PBXBuildFile; fileRef = 51B509C51940682F00A3CE12 /* Info.plist */; };
		51B50A0E1940682F00A3CE12 /* ploop.wav in Resources */ = {isa = PBXBuildFile; fileRef = 51B509C61940682F00A3CE12 /* ploop.wav */; };
		51B50A0F1940682F00A3CE12 /* ploop.wav in Resources */ = {isa = PBXBuildFile; fileRef = 51B509C61940682F00A3CE12 /* ploop.wav */; };
		51B50A101940682F00A3CE12 /* pop.plist in Resources */ = {isa = PBXBuildFile; fileRef = 51B509C71940682F00A3CE12 /* pop.plist */; };
		51B50A111940682F00A3CE12 /* pop.plist in Resources */ = {isa = PBXBuildFile; fileRef = 51B509C71940682F00A3CE12 /* pop.plist */; };
		51B50A121940682F00A3CE12 /* pop.wav in Resources */ = {isa = PBXBuildFile; fileRef = 51B509C81940682F00A3CE12 /* pop.wav */; };
		51B50A131940682F00A3CE12 /* pop.wav in Resources */ = {isa = PBXBuildFile; fileRef = 51B509C81940682F00A3CE12 /* pop.wav */; };
		51B50A141940682F00A3CE12 /* thump.wav in Resources */ = {isa = PBXBuildFile; fileRef = 51B509C91940682F00A3CE12 /* thump.wav */; };
		51B50A151940682F00A3CE12 /* thump.wav in Resources */ = {isa = PBXBuildFile; fileRef = 51B509C91940682F00A3CE12 /* thump.wav */; };
		51B50A1719406A9200A3CE12 /* Ball.cpp in Sources */ = {isa = PBXBuildFile; fileRef = 51B50A1619406A9200A3CE12 /* Ball.cpp */; };
		51B50A1819406A9200A3CE12 /* Ball.cpp in Sources */ = {isa = PBXBuildFile; fileRef = 51B50A1619406A9200A3CE12 /* Ball.cpp */; };
		51B50A1A19406AB000A3CE12 /* ColorMatchScene.cpp in Sources */ = {isa = PBXBuildFile; fileRef = 51B50A1919406AB000A3CE12 /* ColorMatchScene.cpp */; };
		51B50A1B19406AB000A3CE12 /* ColorMatchScene.cpp in Sources */ = {isa = PBXBuildFile; fileRef = 51B50A1919406AB000A3CE12 /* ColorMatchScene.cpp */; };
		BF171245129291EC00B8313A /* OpenGLES.framework in Frameworks */ = {isa = PBXBuildFile; fileRef = BF170DB012928DE900B8313A /* OpenGLES.framework */; };
		BF1712471292920000B8313A /* libz.dylib in Frameworks */ = {isa = PBXBuildFile; fileRef = BF170DB412928DE900B8313A /* libz.dylib */; };
		BF1C47F01293687400B63C5D /* QuartzCore.framework in Frameworks */ = {isa = PBXBuildFile; fileRef = BF1C47EA1293683800B63C5D /* QuartzCore.framework */; };
		D44C620C132DFF330009C878 /* OpenAL.framework in Frameworks */ = {isa = PBXBuildFile; fileRef = D44C620B132DFF330009C878 /* OpenAL.framework */; };
		D44C620E132DFF430009C878 /* AVFoundation.framework in Frameworks */ = {isa = PBXBuildFile; fileRef = D44C620D132DFF430009C878 /* AVFoundation.framework */; };
		D44C6210132DFF4E0009C878 /* AudioToolbox.framework in Frameworks */ = {isa = PBXBuildFile; fileRef = D44C620F132DFF4E0009C878 /* AudioToolbox.framework */; };
		D6B0611B1803AB670077942B /* CoreMotion.framework in Frameworks */ = {isa = PBXBuildFile; fileRef = D6B0611A1803AB670077942B /* CoreMotion.framework */; };
/* End PBXBuildFile section */

/* Begin PBXContainerItemProxy section */
		1AC6FAF8180E9839004C840B /* PBXContainerItemProxy */ = {
			isa = PBXContainerItemProxy;
			containerPortal = 1AC6FAE5180E9839004C840B /* cocos2d_libs.xcodeproj */;
			proxyType = 2;
			remoteGlobalIDString = 1551A33F158F2AB200E66CFE;
			remoteInfo = "cocos2dx Mac";
		};
		1AC6FAFA180E9839004C840B /* PBXContainerItemProxy */ = {
			isa = PBXContainerItemProxy;
			containerPortal = 1AC6FAE5180E9839004C840B /* cocos2d_libs.xcodeproj */;
			proxyType = 2;
			remoteGlobalIDString = A03F2FD617814595006731B9;
			remoteInfo = "cocos2dx-extensions Mac";
		};
		1AC6FAFC180E9839004C840B /* PBXContainerItemProxy */ = {
			isa = PBXContainerItemProxy;
			containerPortal = 1AC6FAE5180E9839004C840B /* cocos2d_libs.xcodeproj */;
			proxyType = 2;
			remoteGlobalIDString = A03F2CB81780BD04006731B9;
			remoteInfo = "chipmunk Mac";
		};
		1AC6FAFE180E9839004C840B /* PBXContainerItemProxy */ = {
			isa = PBXContainerItemProxy;
			containerPortal = 1AC6FAE5180E9839004C840B /* cocos2d_libs.xcodeproj */;
			proxyType = 2;
			remoteGlobalIDString = A03F2D9B1780BDF7006731B9;
			remoteInfo = "box2d Mac";
		};
		1AC6FB00180E9839004C840B /* PBXContainerItemProxy */ = {
			isa = PBXContainerItemProxy;
			containerPortal = 1AC6FAE5180E9839004C840B /* cocos2d_libs.xcodeproj */;
			proxyType = 2;
			remoteGlobalIDString = A03F2ED617814268006731B9;
			remoteInfo = "CocosDenshion Mac";
		};
		1AC6FB06180E9839004C840B /* PBXContainerItemProxy */ = {
			isa = PBXContainerItemProxy;
			containerPortal = 1AC6FAE5180E9839004C840B /* cocos2d_libs.xcodeproj */;
			proxyType = 2;
			remoteGlobalIDString = A07A4D641783777C0073F6A7;
			remoteInfo = "cocos2dx iOS";
		};
		1AC6FB08180E9839004C840B /* PBXContainerItemProxy */ = {
			isa = PBXContainerItemProxy;
			containerPortal = 1AC6FAE5180E9839004C840B /* cocos2d_libs.xcodeproj */;
			proxyType = 2;
			remoteGlobalIDString = A07A4EFC1783867C0073F6A7;
			remoteInfo = "cocos2dx-extensions iOS";
		};
		1AC6FB0A180E9839004C840B /* PBXContainerItemProxy */ = {
			isa = PBXContainerItemProxy;
			containerPortal = 1AC6FAE5180E9839004C840B /* cocos2d_libs.xcodeproj */;
			proxyType = 2;
			remoteGlobalIDString = A07A4F3B178387670073F6A7;
			remoteInfo = "chipmunk iOS";
		};
		1AC6FB0C180E9839004C840B /* PBXContainerItemProxy */ = {
			isa = PBXContainerItemProxy;
			containerPortal = 1AC6FAE5180E9839004C840B /* cocos2d_libs.xcodeproj */;
			proxyType = 2;
			remoteGlobalIDString = A07A4F9E1783876B0073F6A7;
			remoteInfo = "box2d iOS";
		};
		1AC6FB0E180E9839004C840B /* PBXContainerItemProxy */ = {
			isa = PBXContainerItemProxy;
			containerPortal = 1AC6FAE5180E9839004C840B /* cocos2d_libs.xcodeproj */;
			proxyType = 2;
			remoteGlobalIDString = A07A4FB4178387730073F6A7;
			remoteInfo = "CocosDenshion iOS";
		};
		1AC6FB15180E9959004C840B /* PBXContainerItemProxy */ = {
			isa = PBXContainerItemProxy;
			containerPortal = 1AC6FAE5180E9839004C840B /* cocos2d_libs.xcodeproj */;
			proxyType = 1;
			remoteGlobalIDString = 1551A33E158F2AB200E66CFE;
			remoteInfo = "cocos2dx Mac";
		};
		1AC6FB17180E9959004C840B /* PBXContainerItemProxy */ = {
			isa = PBXContainerItemProxy;
			containerPortal = 1AC6FAE5180E9839004C840B /* cocos2d_libs.xcodeproj */;
			proxyType = 1;
			remoteGlobalIDString = A03F2FC117814595006731B9;
			remoteInfo = "cocos2dx-extensions Mac";
		};
		1AC6FB19180E9959004C840B /* PBXContainerItemProxy */ = {
			isa = PBXContainerItemProxy;
			containerPortal = 1AC6FAE5180E9839004C840B /* cocos2d_libs.xcodeproj */;
			proxyType = 1;
			remoteGlobalIDString = A03F2B781780BD04006731B9;
			remoteInfo = "chipmunk Mac";
		};
		1AC6FB1B180E9959004C840B /* PBXContainerItemProxy */ = {
			isa = PBXContainerItemProxy;
			containerPortal = 1AC6FAE5180E9839004C840B /* cocos2d_libs.xcodeproj */;
			proxyType = 1;
			remoteGlobalIDString = A03F2E9817814268006731B9;
			remoteInfo = "CocosDenshion Mac";
		};
		1AC6FB1D180E9963004C840B /* PBXContainerItemProxy */ = {
			isa = PBXContainerItemProxy;
			containerPortal = 1AC6FAE5180E9839004C840B /* cocos2d_libs.xcodeproj */;
			proxyType = 1;
			remoteGlobalIDString = A03F2D5D1780BDF7006731B9;
			remoteInfo = "box2d Mac";
		};
		1AC6FB24180E99E1004C840B /* PBXContainerItemProxy */ = {
			isa = PBXContainerItemProxy;
			containerPortal = 1AC6FAE5180E9839004C840B /* cocos2d_libs.xcodeproj */;
			proxyType = 1;
			remoteGlobalIDString = A07A4C241783777C0073F6A7;
			remoteInfo = "cocos2dx iOS";
		};
		1AC6FB26180E99E1004C840B /* PBXContainerItemProxy */ = {
			isa = PBXContainerItemProxy;
			containerPortal = 1AC6FAE5180E9839004C840B /* cocos2d_libs.xcodeproj */;
			proxyType = 1;
			remoteGlobalIDString = A07A4E111783867C0073F6A7;
			remoteInfo = "cocos2dx-extensions iOS";
		};
		1AC6FB28180E99E1004C840B /* PBXContainerItemProxy */ = {
			isa = PBXContainerItemProxy;
			containerPortal = 1AC6FAE5180E9839004C840B /* cocos2d_libs.xcodeproj */;
			proxyType = 1;
			remoteGlobalIDString = A07A4EFD178387670073F6A7;
			remoteInfo = "chipmunk iOS";
		};
		1AC6FB2A180E99E1004C840B /* PBXContainerItemProxy */ = {
			isa = PBXContainerItemProxy;
			containerPortal = 1AC6FAE5180E9839004C840B /* cocos2d_libs.xcodeproj */;
			proxyType = 1;
			remoteGlobalIDString = A07A4F3C1783876B0073F6A7;
			remoteInfo = "box2d iOS";
		};
		1AC6FB2C180E99E1004C840B /* PBXContainerItemProxy */ = {
			isa = PBXContainerItemProxy;
			containerPortal = 1AC6FAE5180E9839004C840B /* cocos2d_libs.xcodeproj */;
			proxyType = 1;
			remoteGlobalIDString = A07A4F9F178387730073F6A7;
			remoteInfo = "CocosDenshion iOS";
		};
/* End PBXContainerItemProxy section */

/* Begin PBXFileReference section */
		1AC6FAE5180E9839004C840B /* cocos2d_libs.xcodeproj */ = {isa = PBXFileReference; lastKnownFileType = "wrapper.pb-project"; name = cocos2d_libs.xcodeproj; path = ../cocos2d/build/cocos2d_libs.xcodeproj; sourceTree = "<group>"; };
		1ACB3243164770DE00914215 /* libcurl.a */ = {isa = PBXFileReference; lastKnownFileType = archive.ar; name = libcurl.a; path = ../../cocos2dx/platform/third_party/ios/libraries/libcurl.a; sourceTree = "<group>"; };
		1AFAF8B316D35DE700DB1158 /* AppDelegate.cpp */ = {isa = PBXFileReference; fileEncoding = 4; lastKnownFileType = sourcecode.cpp.cpp; name = AppDelegate.cpp; path = ../Classes/AppDelegate.cpp; sourceTree = "<group>"; };
		1AFAF8B416D35DE700DB1158 /* AppDelegate.h */ = {isa = PBXFileReference; fileEncoding = 4; lastKnownFileType = sourcecode.c.h; name = AppDelegate.h; path = ../Classes/AppDelegate.h; sourceTree = "<group>"; };
		1AFAF8B916D35E4900DB1158 /* CloseNormal.png */ = {isa = PBXFileReference; lastKnownFileType = image.png; path = CloseNormal.png; sourceTree = "<group>"; };
		1AFAF8BA16D35E4900DB1158 /* CloseSelected.png */ = {isa = PBXFileReference; lastKnownFileType = image.png; path = CloseSelected.png; sourceTree = "<group>"; };
		1AFAF8BB16D35E4900DB1158 /* HelloWorld.png */ = {isa = PBXFileReference; lastKnownFileType = image.png; path = HelloWorld.png; sourceTree = "<group>"; };
		1D30AB110D05D00D00671497 /* Foundation.framework */ = {isa = PBXFileReference; lastKnownFileType = wrapper.framework; name = Foundation.framework; path = System/Library/Frameworks/Foundation.framework; sourceTree = SDKROOT; };
		1D6058910D05DD3D006BFB54 /* ColorMatch iOS.app */ = {isa = PBXFileReference; explicitFileType = wrapper.application; includeInIndex = 0; path = "ColorMatch iOS.app"; sourceTree = BUILT_PRODUCTS_DIR; };
		1DF5F4DF0D08C38300B7A737 /* UIKit.framework */ = {isa = PBXFileReference; lastKnownFileType = wrapper.framework; name = UIKit.framework; path = System/Library/Frameworks/UIKit.framework; sourceTree = SDKROOT; };
		288765A40DF7441C002DB57D /* CoreGraphics.framework */ = {isa = PBXFileReference; lastKnownFileType = wrapper.framework; name = CoreGraphics.framework; path = System/Library/Frameworks/CoreGraphics.framework; sourceTree = SDKROOT; };
		503AE0F617EB97AB00D1A890 /* Icon.icns */ = {isa = PBXFileReference; lastKnownFileType = image.icns; path = Icon.icns; sourceTree = "<group>"; };
		503AE0F717EB97AB00D1A890 /* Info.plist */ = {isa = PBXFileReference; fileEncoding = 4; lastKnownFileType = text.plist.xml; path = Info.plist; sourceTree = "<group>"; };
		503AE0FA17EB989F00D1A890 /* AppController.h */ = {isa = PBXFileReference; fileEncoding = 4; lastKnownFileType = sourcecode.c.h; name = AppController.h; path = ios/AppController.h; sourceTree = SOURCE_ROOT; };
		503AE0FB17EB989F00D1A890 /* AppController.mm */ = {isa = PBXFileReference; fileEncoding = 4; lastKnownFileType = sourcecode.cpp.objcpp; name = AppController.mm; path = ios/AppController.mm; sourceTree = SOURCE_ROOT; };
		503AE0FC17EB989F00D1A890 /* main.m */ = {isa = PBXFileReference; fileEncoding = 4; lastKnownFileType = sourcecode.c.objc; name = main.m; path = ios/main.m; sourceTree = SOURCE_ROOT; };
		503AE0FD17EB989F00D1A890 /* Prefix.pch */ = {isa = PBXFileReference; fileEncoding = 4; lastKnownFileType = sourcecode.c.h; name = Prefix.pch; path = ios/Prefix.pch; sourceTree = SOURCE_ROOT; };
		503AE0FE17EB989F00D1A890 /* RootViewController.h */ = {isa = PBXFileReference; fileEncoding = 4; lastKnownFileType = sourcecode.c.h; name = RootViewController.h; path = ios/RootViewController.h; sourceTree = SOURCE_ROOT; };
		503AE0FF17EB989F00D1A890 /* RootViewController.mm */ = {isa = PBXFileReference; fileEncoding = 4; lastKnownFileType = sourcecode.cpp.objcpp; name = RootViewController.mm; path = ios/RootViewController.mm; sourceTree = SOURCE_ROOT; };
		503AE10317EB98FF00D1A890 /* main.cpp */ = {isa = PBXFileReference; fileEncoding = 4; lastKnownFileType = sourcecode.cpp.cpp; name = main.cpp; path = mac/main.cpp; sourceTree = "<group>"; };
		503AE10417EB98FF00D1A890 /* Prefix.pch */ = {isa = PBXFileReference; fileEncoding = 4; lastKnownFileType = sourcecode.c.h; name = Prefix.pch; path = mac/Prefix.pch; sourceTree = "<group>"; };
		503AE11117EB99EE00D1A890 /* libcurl.dylib */ = {isa = PBXFileReference; lastKnownFileType = "compiled.mach-o.dylib"; name = libcurl.dylib; path = usr/lib/libcurl.dylib; sourceTree = SDKROOT; };
		503AE11A17EB9C5A00D1A890 /* IOKit.framework */ = {isa = PBXFileReference; lastKnownFileType = wrapper.framework; name = IOKit.framework; path = System/Library/Frameworks/IOKit.framework; sourceTree = SDKROOT; };
		5087E76F17EB910900C73F5D /* ColorMatch Mac.app */ = {isa = PBXFileReference; explicitFileType = wrapper.application; includeInIndex = 0; path = "ColorMatch Mac.app"; sourceTree = BUILT_PRODUCTS_DIR; };
		5087E77217EB970100C73F5D /* Default-568h@2x.png */ = {isa = PBXFileReference; lastKnownFileType = image.png; path = "Default-568h@2x.png"; sourceTree = "<group>"; };
		5087E77317EB970100C73F5D /* Default.png */ = {isa = PBXFileReference; lastKnownFileType = image.png; path = Default.png; sourceTree = "<group>"; };
		5087E77417EB970100C73F5D /* Default@2x.png */ = {isa = PBXFileReference; lastKnownFileType = image.png; path = "Default@2x.png"; sourceTree = "<group>"; };
		5087E77517EB970100C73F5D /* Icon-114.png */ = {isa = PBXFileReference; lastKnownFileType = image.png; path = "Icon-114.png"; sourceTree = "<group>"; };
		5087E77617EB970100C73F5D /* Icon-120.png */ = {isa = PBXFileReference; lastKnownFileType = image.png; path = "Icon-120.png"; sourceTree = "<group>"; };
		5087E77717EB970100C73F5D /* Icon-144.png */ = {isa = PBXFileReference; lastKnownFileType = image.png; path = "Icon-144.png"; sourceTree = "<group>"; };
		5087E77817EB970100C73F5D /* Icon-152.png */ = {isa = PBXFileReference; lastKnownFileType = image.png; path = "Icon-152.png"; sourceTree = "<group>"; };
		5087E77917EB970100C73F5D /* Icon-57.png */ = {isa = PBXFileReference; lastKnownFileType = image.png; path = "Icon-57.png"; sourceTree = "<group>"; };
		5087E77A17EB970100C73F5D /* Icon-72.png */ = {isa = PBXFileReference; lastKnownFileType = image.png; path = "Icon-72.png"; sourceTree = "<group>"; };
		5087E77B17EB970100C73F5D /* Icon-76.png */ = {isa = PBXFileReference; lastKnownFileType = image.png; path = "Icon-76.png"; sourceTree = "<group>"; };
		5087E77C17EB970100C73F5D /* Info.plist */ = {isa = PBXFileReference; fileEncoding = 4; lastKnownFileType = text.plist.xml; path = Info.plist; sourceTree = "<group>"; };
		5087E78817EB974C00C73F5D /* AppKit.framework */ = {isa = PBXFileReference; lastKnownFileType = wrapper.framework; name = AppKit.framework; path = System/Library/Frameworks/AppKit.framework; sourceTree = SDKROOT; };
		5087E78A17EB975400C73F5D /* OpenGL.framework */ = {isa = PBXFileReference; lastKnownFileType = wrapper.framework; name = OpenGL.framework; path = System/Library/Frameworks/OpenGL.framework; sourceTree = SDKROOT; };
		50EF629217ECD46A001EB2F8 /* Icon-40.png */ = {isa = PBXFileReference; lastKnownFileType = image.png; path = "Icon-40.png"; sourceTree = "<group>"; };
		50EF629317ECD46A001EB2F8 /* Icon-58.png */ = {isa = PBXFileReference; lastKnownFileType = image.png; path = "Icon-58.png"; sourceTree = "<group>"; };
		50EF629417ECD46A001EB2F8 /* Icon-80.png */ = {isa = PBXFileReference; lastKnownFileType = image.png; path = "Icon-80.png"; sourceTree = "<group>"; };
		50EF629517ECD46A001EB2F8 /* Icon-100.png */ = {isa = PBXFileReference; lastKnownFileType = image.png; path = "Icon-100.png"; sourceTree = "<group>"; };
		50EF62A017ECD613001EB2F8 /* Icon-29.png */ = {isa = PBXFileReference; lastKnownFileType = image.png; path = "Icon-29.png"; sourceTree = "<group>"; };
		50EF62A117ECD613001EB2F8 /* Icon-50.png */ = {isa = PBXFileReference; lastKnownFileType = image.png; path = "Icon-50.png"; sourceTree = "<group>"; };
		51B5099F1940661800A3CE12 /* ColorMatchScene.h */ = {isa = PBXFileReference; fileEncoding = 4; lastKnownFileType = sourcecode.c.h; name = ColorMatchScene.h; path = ../Classes/ColorMatchScene.h; sourceTree = "<group>"; };
		51B509A2194066CF00A3CE12 /* Ball.h */ = {isa = PBXFileReference; fileEncoding = 4; lastKnownFileType = sourcecode.c.h; name = Ball.h; path = ../Classes/Ball.h; sourceTree = "<group>"; };
		51B509A31940682F00A3CE12 /* Background-hd.png */ = {isa = PBXFileReference; lastKnownFileType = image.png; path = "Background-hd.png"; sourceTree = "<group>"; };
		51B509A41940682F00A3CE12 /* Background.png */ = {isa = PBXFileReference; lastKnownFileType = image.png; path = Background.png; sourceTree = "<group>"; };
		51B509A51940682F00A3CE12 /* Ball_blue-hd.png */ = {isa = PBXFileReference; lastKnownFileType = image.png; path = "Ball_blue-hd.png"; sourceTree = "<group>"; };
		51B509A61940682F00A3CE12 /* Ball_blue.png */ = {isa = PBXFileReference; lastKnownFileType = image.png; path = Ball_blue.png; sourceTree = "<group>"; };
		51B509A71940682F00A3CE12 /* Ball_green-hd.png */ = {isa = PBXFileReference; lastKnownFileType = image.png; path = "Ball_green-hd.png"; sourceTree = "<group>"; };
		51B509A81940682F00A3CE12 /* Ball_green.png */ = {isa = PBXFileReference; lastKnownFileType = image.png; path = Ball_green.png; sourceTree = "<group>"; };
		51B509A91940682F00A3CE12 /* Ball_orange-hd.png */ = {isa = PBXFileReference; lastKnownFileType = image.png; path = "Ball_orange-hd.png"; sourceTree = "<group>"; };
		51B509AA1940682F00A3CE12 /* Ball_orange.png */ = {isa = PBXFileReference; lastKnownFileType = image.png; path = Ball_orange.png; sourceTree = "<group>"; };
		51B509AB1940682F00A3CE12 /* Ball_red-hd.png */ = {isa = PBXFileReference; lastKnownFileType = image.png; path = "Ball_red-hd.png"; sourceTree = "<group>"; };
		51B509AC1940682F00A3CE12 /* Ball_red.png */ = {isa = PBXFileReference; lastKnownFileType = image.png; path = Ball_red.png; sourceTree = "<group>"; };
		51B509AD1940682F00A3CE12 /* Ball_violet-hd.png */ = {isa = PBXFileReference; lastKnownFileType = image.png; path = "Ball_violet-hd.png"; sourceTree = "<group>"; };
		51B509AE1940682F00A3CE12 /* Ball_violet.png */ = {isa = PBXFileReference; lastKnownFileType = image.png; path = Ball_violet.png; sourceTree = "<group>"; };
		51B509AF1940682F00A3CE12 /* Ball_yellow-hd.png */ = {isa = PBXFileReference; lastKnownFileType = image.png; path = "Ball_yellow-hd.png"; sourceTree = "<group>"; };
		51B509B01940682F00A3CE12 /* Ball_yellow.png */ = {isa = PBXFileReference; lastKnownFileType = image.png; path = Ball_yellow.png; sourceTree = "<group>"; };
		51B509B11940682F00A3CE12 /* Default-568h@2x.png */ = {isa = PBXFileReference; lastKnownFileType = image.png; path = "Default-568h@2x.png"; sourceTree = "<group>"; };
		51B509B21940682F00A3CE12 /* Default-Landscape~ipad.png */ = {isa = PBXFileReference; lastKnownFileType = image.png; path = "Default-Landscape~ipad.png"; sourceTree = "<group>"; };
		51B509B31940682F00A3CE12 /* Default.png */ = {isa = PBXFileReference; lastKnownFileType = image.png; path = Default.png; sourceTree = "<group>"; };
		51B509B41940682F00A3CE12 /* Default@2x.png */ = {isa = PBXFileReference; lastKnownFileType = image.png; path = "Default@2x.png"; sourceTree = "<group>"; };
		51B509B51940682F00A3CE12 /* Foreground-hd.png */ = {isa = PBXFileReference; lastKnownFileType = image.png; path = "Foreground-hd.png"; sourceTree = "<group>"; };
		51B509B61940682F00A3CE12 /* Foreground.png */ = {isa = PBXFileReference; lastKnownFileType = image.png; path = Foreground.png; sourceTree = "<group>"; };
		51B509B81940682F00A3CE12 /* Icon-120.png */ = {isa = PBXFileReference; lastKnownFileType = image.png; path = "Icon-120.png"; sourceTree = "<group>"; };
		51B509B91940682F00A3CE12 /* Icon-72.png */ = {isa = PBXFileReference; lastKnownFileType = image.png; path = "Icon-72.png"; sourceTree = "<group>"; };
		51B509BA1940682F00A3CE12 /* Icon-72@2x.png */ = {isa = PBXFileReference; lastKnownFileType = image.png; path = "Icon-72@2x.png"; sourceTree = "<group>"; };
		51B509BB1940682F00A3CE12 /* Icon-76.png */ = {isa = PBXFileReference; lastKnownFileType = image.png; path = "Icon-76.png"; sourceTree = "<group>"; };
		51B509BC1940682F00A3CE12 /* Icon-76@2x.png */ = {isa = PBXFileReference; lastKnownFileType = image.png; path = "Icon-76@2x.png"; sourceTree = "<group>"; };
		51B509BD1940682F00A3CE12 /* Icon-iPad-Spotlight-iOS7@2x.png */ = {isa = PBXFileReference; lastKnownFileType = image.png; path = "Icon-iPad-Spotlight-iOS7@2x.png"; sourceTree = "<group>"; };
		51B509BE1940682F00A3CE12 /* Icon-Small-50.png */ = {isa = PBXFileReference; lastKnownFileType = image.png; path = "Icon-Small-50.png"; sourceTree = "<group>"; };
		51B509BF1940682F00A3CE12 /* Icon-Small.png */ = {isa = PBXFileReference; lastKnownFileType = image.png; path = "Icon-Small.png"; sourceTree = "<group>"; };
		51B509C01940682F00A3CE12 /* Icon-Small@2x.png */ = {isa = PBXFileReference; lastKnownFileType = image.png; path = "Icon-Small@2x.png"; sourceTree = "<group>"; };
		51B509C11940682F00A3CE12 /* Icon-Spotlight-iOS7.png */ = {isa = PBXFileReference; lastKnownFileType = image.png; path = "Icon-Spotlight-iOS7.png"; sourceTree = "<group>"; };
		51B509C21940682F00A3CE12 /* Icon-Spotlight-iOS7@2x.png */ = {isa = PBXFileReference; lastKnownFileType = image.png; path = "Icon-Spotlight-iOS7@2x.png"; sourceTree = "<group>"; };
		51B509C31940682F00A3CE12 /* Icon.png */ = {isa = PBXFileReference; lastKnownFileType = image.png; path = Icon.png; sourceTree = "<group>"; };
		51B509C41940682F00A3CE12 /* Icon@2x.png */ = {isa = PBXFileReference; lastKnownFileType = image.png; path = "Icon@2x.png"; sourceTree = "<group>"; };
		51B509C51940682F00A3CE12 /* Info.plist */ = {isa = PBXFileReference; fileEncoding = 4; lastKnownFileType = text.plist.xml; path = Info.plist; sourceTree = "<group>"; };
		51B509C61940682F00A3CE12 /* ploop.wav */ = {isa = PBXFileReference; lastKnownFileType = audio.wav; path = ploop.wav; sourceTree = "<group>"; };
		51B509C71940682F00A3CE12 /* pop.plist */ = {isa = PBXFileReference; fileEncoding = 4; lastKnownFileType = text.plist.xml; path = pop.plist; sourceTree = "<group>"; };
		51B509C81940682F00A3CE12 /* pop.wav */ = {isa = PBXFileReference; lastKnownFileType = audio.wav; path = pop.wav; sourceTree = "<group>"; };
		51B509C91940682F00A3CE12 /* thump.wav */ = {isa = PBXFileReference; lastKnownFileType = audio.wav; path = thump.wav; sourceTree = "<group>"; };
		51B50A1619406A9200A3CE12 /* Ball.cpp */ = {isa = PBXFileReference; fileEncoding = 4; lastKnownFileType = sourcecode.cpp.cpp; name = Ball.cpp; path = ../Classes/Ball.cpp; sourceTree = "<group>"; };
		51B50A1919406AB000A3CE12 /* ColorMatchScene.cpp */ = {isa = PBXFileReference; fileEncoding = 4; lastKnownFileType = sourcecode.cpp.cpp; name = ColorMatchScene.cpp; path = ../Classes/ColorMatchScene.cpp; sourceTree = "<group>"; };
		BF170DB012928DE900B8313A /* OpenGLES.framework */ = {isa = PBXFileReference; lastKnownFileType = wrapper.framework; name = OpenGLES.framework; path = System/Library/Frameworks/OpenGLES.framework; sourceTree = SDKROOT; };
		BF170DB412928DE900B8313A /* libz.dylib */ = {isa = PBXFileReference; lastKnownFileType = "compiled.mach-o.dylib"; name = libz.dylib; path = usr/lib/libz.dylib; sourceTree = SDKROOT; };
		BF1C47EA1293683800B63C5D /* QuartzCore.framework */ = {isa = PBXFileReference; lastKnownFileType = wrapper.framework; name = QuartzCore.framework; path = System/Library/Frameworks/QuartzCore.framework; sourceTree = SDKROOT; };
		D44C620B132DFF330009C878 /* OpenAL.framework */ = {isa = PBXFileReference; lastKnownFileType = wrapper.framework; name = OpenAL.framework; path = System/Library/Frameworks/OpenAL.framework; sourceTree = SDKROOT; };
		D44C620D132DFF430009C878 /* AVFoundation.framework */ = {isa = PBXFileReference; lastKnownFileType = wrapper.framework; name = AVFoundation.framework; path = System/Library/Frameworks/AVFoundation.framework; sourceTree = SDKROOT; };
		D44C620F132DFF4E0009C878 /* AudioToolbox.framework */ = {isa = PBXFileReference; lastKnownFileType = wrapper.framework; name = AudioToolbox.framework; path = System/Library/Frameworks/AudioToolbox.framework; sourceTree = SDKROOT; };
		D6B0611A1803AB670077942B /* CoreMotion.framework */ = {isa = PBXFileReference; lastKnownFileType = wrapper.framework; name = CoreMotion.framework; path = Platforms/iPhoneOS.platform/Developer/SDKs/iPhoneOS7.0.sdk/System/Library/Frameworks/CoreMotion.framework; sourceTree = DEVELOPER_DIR; };
/* End PBXFileReference section */

/* Begin PBXFrameworksBuildPhase section */
		1D60588F0D05DD3D006BFB54 /* Frameworks */ = {
			isa = PBXFrameworksBuildPhase;
			buildActionMask = 2147483647;
			files = (
				1AC6FB2E180E99EB004C840B /* libbox2d iOS.a in Frameworks */,
				1AC6FB2F180E99EB004C840B /* libchipmunk iOS.a in Frameworks */,
				1AC6FB30180E99EB004C840B /* libcocos2dx iOS.a in Frameworks */,
				1AC6FB31180E99EB004C840B /* libcocos2dx-extensions iOS.a in Frameworks */,
				1AC6FB32180E99EB004C840B /* libCocosDenshion iOS.a in Frameworks */,
				D6B0611B1803AB670077942B /* CoreMotion.framework in Frameworks */,
				1D60589F0D05DD5A006BFB54 /* Foundation.framework in Frameworks */,
				1DF5F4E00D08C38300B7A737 /* UIKit.framework in Frameworks */,
				288765A50DF7441C002DB57D /* CoreGraphics.framework in Frameworks */,
				BF171245129291EC00B8313A /* OpenGLES.framework in Frameworks */,
				BF1712471292920000B8313A /* libz.dylib in Frameworks */,
				BF1C47F01293687400B63C5D /* QuartzCore.framework in Frameworks */,
				D44C620C132DFF330009C878 /* OpenAL.framework in Frameworks */,
				D44C620E132DFF430009C878 /* AVFoundation.framework in Frameworks */,
				D44C6210132DFF4E0009C878 /* AudioToolbox.framework in Frameworks */,
			);
			runOnlyForDeploymentPostprocessing = 0;
		};
		5087E75C17EB910900C73F5D /* Frameworks */ = {
			isa = PBXFrameworksBuildPhase;
			buildActionMask = 2147483647;
			files = (
				1AC6FB1F180E996B004C840B /* libbox2d Mac.a in Frameworks */,
				1AC6FB20180E996B004C840B /* libchipmunk Mac.a in Frameworks */,
				1AC6FB21180E996B004C840B /* libcocos2dx Mac.a in Frameworks */,
				1AC6FB22180E996B004C840B /* libcocos2dx-extensions Mac.a in Frameworks */,
				1AC6FB23180E996B004C840B /* libCocosDenshion Mac.a in Frameworks */,
				503AE11217EB99EE00D1A890 /* libcurl.dylib in Frameworks */,
				5087E76717EB910900C73F5D /* libz.dylib in Frameworks */,
				503AE11B17EB9C5A00D1A890 /* IOKit.framework in Frameworks */,
				5087E78B17EB975400C73F5D /* OpenGL.framework in Frameworks */,
				5087E78917EB974C00C73F5D /* AppKit.framework in Frameworks */,
				5087E76317EB910900C73F5D /* Foundation.framework in Frameworks */,
				5087E76517EB910900C73F5D /* CoreGraphics.framework in Frameworks */,
				5087E76817EB910900C73F5D /* QuartzCore.framework in Frameworks */,
				5087E76917EB910900C73F5D /* OpenAL.framework in Frameworks */,
				5087E76A17EB910900C73F5D /* AVFoundation.framework in Frameworks */,
				5087E76B17EB910900C73F5D /* AudioToolbox.framework in Frameworks */,
			);
			runOnlyForDeploymentPostprocessing = 0;
		};
/* End PBXFrameworksBuildPhase section */

/* Begin PBXGroup section */
		080E96DDFE201D6D7F000001 /* ios */ = {
			isa = PBXGroup;
			children = (
				5087E77117EB970100C73F5D /* Icons */,
				503AE0FA17EB989F00D1A890 /* AppController.h */,
				503AE0FB17EB989F00D1A890 /* AppController.mm */,
				503AE0FC17EB989F00D1A890 /* main.m */,
				503AE0FD17EB989F00D1A890 /* Prefix.pch */,
				503AE0FE17EB989F00D1A890 /* RootViewController.h */,
				503AE0FF17EB989F00D1A890 /* RootViewController.mm */,
			);
			name = ios;
			path = Classes;
			sourceTree = "<group>";
		};
		15AA9C4015B7EC450033D6C2 /* Classes */ = {
			isa = PBXGroup;
			children = (
				1AFAF8B316D35DE700DB1158 /* AppDelegate.cpp */,
				51B5099F1940661800A3CE12 /* ColorMatchScene.h */,
				51B50A1919406AB000A3CE12 /* ColorMatchScene.cpp */,
				51B509A2194066CF00A3CE12 /* Ball.h */,
				51B50A1619406A9200A3CE12 /* Ball.cpp */,
				1AFAF8B416D35DE700DB1158 /* AppDelegate.h */,
			);
			name = Classes;
			path = ../classes;
			sourceTree = "<group>";
		};
		19C28FACFE9D520D11CA2CBB /* Products */ = {
			isa = PBXGroup;
			children = (
				1D6058910D05DD3D006BFB54 /* ColorMatch iOS.app */,
				5087E76F17EB910900C73F5D /* ColorMatch Mac.app */,
			);
			name = Products;
			sourceTree = "<group>";
		};
		1AC6FAE6180E9839004C840B /* Products */ = {
			isa = PBXGroup;
			children = (
				1AC6FAF9180E9839004C840B /* libcocos2dx Mac.a */,
				1AC6FAFB180E9839004C840B /* libcocos2dx-extensions Mac.a */,
				1AC6FAFD180E9839004C840B /* libchipmunk Mac.a */,
				1AC6FAFF180E9839004C840B /* libbox2d Mac.a */,
				1AC6FB01180E9839004C840B /* libCocosDenshion Mac.a */,
				1AC6FB07180E9839004C840B /* libcocos2dx iOS.a */,
				1AC6FB09180E9839004C840B /* libcocos2dx-extensions iOS.a */,
				1AC6FB0B180E9839004C840B /* libchipmunk iOS.a */,
				1AC6FB0D180E9839004C840B /* libbox2d iOS.a */,
				1AC6FB0F180E9839004C840B /* libCocosDenshion iOS.a */,
			);
			name = Products;
			sourceTree = "<group>";
		};
		29B97314FDCFA39411CA2CEA /* CustomTemplate */ = {
			isa = PBXGroup;
			children = (
				1AC6FAE5180E9839004C840B /* cocos2d_libs.xcodeproj */,
				15AA9C4015B7EC450033D6C2 /* Classes */,
				29B97323FDCFA39411CA2CEA /* Frameworks */,
				080E96DDFE201D6D7F000001 /* ios */,
				503AE10617EB990700D1A890 /* mac */,
				19C28FACFE9D520D11CA2CBB /* Products */,
				78C7DDAA14EBA5050085D0C2 /* Resources */,
			);
			name = CustomTemplate;
			sourceTree = "<group>";
		};
		29B97323FDCFA39411CA2CEA /* Frameworks */ = {
			isa = PBXGroup;
			children = (
				D6B0611A1803AB670077942B /* CoreMotion.framework */,
				503AE11A17EB9C5A00D1A890 /* IOKit.framework */,
				503AE11117EB99EE00D1A890 /* libcurl.dylib */,
				5087E78A17EB975400C73F5D /* OpenGL.framework */,
				5087E78817EB974C00C73F5D /* AppKit.framework */,
				1ACB3243164770DE00914215 /* libcurl.a */,
				BF170DB412928DE900B8313A /* libz.dylib */,
				D44C620F132DFF4E0009C878 /* AudioToolbox.framework */,
				D44C620D132DFF430009C878 /* AVFoundation.framework */,
				288765A40DF7441C002DB57D /* CoreGraphics.framework */,
				1D30AB110D05D00D00671497 /* Foundation.framework */,
				D44C620B132DFF330009C878 /* OpenAL.framework */,
				BF170DB012928DE900B8313A /* OpenGLES.framework */,
				BF1C47EA1293683800B63C5D /* QuartzCore.framework */,
				1DF5F4DF0D08C38300B7A737 /* UIKit.framework */,
			);
			name = Frameworks;
			sourceTree = "<group>";
		};
		503AE0F517EB97AB00D1A890 /* Icons */ = {
			isa = PBXGroup;
			children = (
				503AE0F617EB97AB00D1A890 /* Icon.icns */,
				503AE0F717EB97AB00D1A890 /* Info.plist */,
			);
			name = Icons;
			path = mac;
			sourceTree = SOURCE_ROOT;
		};
		503AE10617EB990700D1A890 /* mac */ = {
			isa = PBXGroup;
			children = (
				503AE0F517EB97AB00D1A890 /* Icons */,
				503AE10317EB98FF00D1A890 /* main.cpp */,
				503AE10417EB98FF00D1A890 /* Prefix.pch */,
			);
			name = mac;
			sourceTree = "<group>";
		};
		5087E77117EB970100C73F5D /* Icons */ = {
			isa = PBXGroup;
			children = (
				5087E77217EB970100C73F5D /* Default-568h@2x.png */,
				5087E77317EB970100C73F5D /* Default.png */,
				5087E77417EB970100C73F5D /* Default@2x.png */,
				50EF62A017ECD613001EB2F8 /* Icon-29.png */,
				50EF62A117ECD613001EB2F8 /* Icon-50.png */,
				50EF629217ECD46A001EB2F8 /* Icon-40.png */,
				50EF629317ECD46A001EB2F8 /* Icon-58.png */,
				50EF629417ECD46A001EB2F8 /* Icon-80.png */,
				50EF629517ECD46A001EB2F8 /* Icon-100.png */,
				5087E77517EB970100C73F5D /* Icon-114.png */,
				5087E77617EB970100C73F5D /* Icon-120.png */,
				5087E77717EB970100C73F5D /* Icon-144.png */,
				5087E77817EB970100C73F5D /* Icon-152.png */,
				5087E77917EB970100C73F5D /* Icon-57.png */,
				5087E77A17EB970100C73F5D /* Icon-72.png */,
				5087E77B17EB970100C73F5D /* Icon-76.png */,
				5087E77C17EB970100C73F5D /* Info.plist */,
			);
			name = Icons;
			path = ios;
			sourceTree = SOURCE_ROOT;
		};
		51B509B71940682F00A3CE12 /* Icons */ = {
			isa = PBXGroup;
			children = (
				51B509B81940682F00A3CE12 /* Icon-120.png */,
				51B509B91940682F00A3CE12 /* Icon-72.png */,
				51B509BA1940682F00A3CE12 /* Icon-72@2x.png */,
				51B509BB1940682F00A3CE12 /* Icon-76.png */,
				51B509BC1940682F00A3CE12 /* Icon-76@2x.png */,
				51B509BD1940682F00A3CE12 /* Icon-iPad-Spotlight-iOS7@2x.png */,
				51B509BE1940682F00A3CE12 /* Icon-Small-50.png */,
				51B509BF1940682F00A3CE12 /* Icon-Small.png */,
				51B509C01940682F00A3CE12 /* Icon-Small@2x.png */,
				51B509C11940682F00A3CE12 /* Icon-Spotlight-iOS7.png */,
				51B509C21940682F00A3CE12 /* Icon-Spotlight-iOS7@2x.png */,
				51B509C31940682F00A3CE12 /* Icon.png */,
				51B509C41940682F00A3CE12 /* Icon@2x.png */,
			);
			path = Icons;
			sourceTree = "<group>";
		};
		78C7DDAA14EBA5050085D0C2 /* Resources */ = {
			isa = PBXGroup;
			children = (
				51B509A31940682F00A3CE12 /* Background-hd.png */,
				51B509A41940682F00A3CE12 /* Background.png */,
				51B509A51940682F00A3CE12 /* Ball_blue-hd.png */,
				51B509A61940682F00A3CE12 /* Ball_blue.png */,
				51B509A71940682F00A3CE12 /* Ball_green-hd.png */,
				51B509A81940682F00A3CE12 /* Ball_green.png */,
				51B509A91940682F00A3CE12 /* Ball_orange-hd.png */,
				51B509AA1940682F00A3CE12 /* Ball_orange.png */,
				51B509AB1940682F00A3CE12 /* Ball_red-hd.png */,
				51B509AC1940682F00A3CE12 /* Ball_red.png */,
				51B509AD1940682F00A3CE12 /* Ball_violet-hd.png */,
				51B509AE1940682F00A3CE12 /* Ball_violet.png */,
				51B509AF1940682F00A3CE12 /* Ball_yellow-hd.png */,
				51B509B01940682F00A3CE12 /* Ball_yellow.png */,
				51B509B11940682F00A3CE12 /* Default-568h@2x.png */,
				51B509B21940682F00A3CE12 /* Default-Landscape~ipad.png */,
				51B509B31940682F00A3CE12 /* Default.png */,
				51B509B41940682F00A3CE12 /* Default@2x.png */,
				51B509B51940682F00A3CE12 /* Foreground-hd.png */,
				51B509B61940682F00A3CE12 /* Foreground.png */,
				51B509B71940682F00A3CE12 /* Icons */,
				51B509C51940682F00A3CE12 /* Info.plist */,
				51B509C61940682F00A3CE12 /* ploop.wav */,
				51B509C71940682F00A3CE12 /* pop.plist */,
				51B509C81940682F00A3CE12 /* pop.wav */,
				51B509C91940682F00A3CE12 /* thump.wav */,
				1AFAF8B916D35E4900DB1158 /* CloseNormal.png */,
				1AFAF8BA16D35E4900DB1158 /* CloseSelected.png */,
				1AFAF8BB16D35E4900DB1158 /* HelloWorld.png */,
			);
			name = Resources;
			path = ../Resources;
			sourceTree = "<group>";
		};
/* End PBXGroup section */

/* Begin PBXNativeTarget section */
		1D6058900D05DD3D006BFB54 /* ColorMatch iOS */ = {
			isa = PBXNativeTarget;
			buildConfigurationList = 1D6058960D05DD3E006BFB54 /* Build configuration list for PBXNativeTarget "ColorMatch iOS" */;
			buildPhases = (
				1D60588D0D05DD3D006BFB54 /* Resources */,
				1D60588E0D05DD3D006BFB54 /* Sources */,
				1D60588F0D05DD3D006BFB54 /* Frameworks */,
			);
			buildRules = (
			);
			dependencies = (
				1AC6FB25180E99E1004C840B /* PBXTargetDependency */,
				1AC6FB27180E99E1004C840B /* PBXTargetDependency */,
				1AC6FB29180E99E1004C840B /* PBXTargetDependency */,
				1AC6FB2B180E99E1004C840B /* PBXTargetDependency */,
				1AC6FB2D180E99E1004C840B /* PBXTargetDependency */,
			);
			name = "ColorMatch iOS";
			productName = iphone;
			productReference = 1D6058910D05DD3D006BFB54 /* ColorMatch iOS.app */;
			productType = "com.apple.product-type.application";
		};
		5087E73D17EB910900C73F5D /* ColorMatch Mac */ = {
			isa = PBXNativeTarget;
			buildConfigurationList = 5087E76C17EB910900C73F5D /* Build configuration list for PBXNativeTarget "ColorMatch Mac" */;
			buildPhases = (
				5087E74817EB910900C73F5D /* Resources */,
				5087E75617EB910900C73F5D /* Sources */,
				5087E75C17EB910900C73F5D /* Frameworks */,
			);
			buildRules = (
			);
			dependencies = (
				1AC6FB1E180E9963004C840B /* PBXTargetDependency */,
				1AC6FB16180E9959004C840B /* PBXTargetDependency */,
				1AC6FB18180E9959004C840B /* PBXTargetDependency */,
				1AC6FB1A180E9959004C840B /* PBXTargetDependency */,
				1AC6FB1C180E9959004C840B /* PBXTargetDependency */,
			);
			name = "ColorMatch Mac";
			productName = iphone;
			productReference = 5087E76F17EB910900C73F5D /* ColorMatch Mac.app */;
			productType = "com.apple.product-type.application";
		};
/* End PBXNativeTarget section */

/* Begin PBXProject section */
		29B97313FDCFA39411CA2CEA /* Project object */ = {
			isa = PBXProject;
			attributes = {
				LastUpgradeCheck = 0500;
				TargetAttributes = {
					1D6058900D05DD3D006BFB54 = {
						DevelopmentTeam = MDDB52YB8L;
					};
				};
			};
			buildConfigurationList = C01FCF4E08A954540054247B /* Build configuration list for PBXProject "ColorMatch" */;
			compatibilityVersion = "Xcode 3.2";
			developmentRegion = English;
			hasScannedForEncodings = 1;
			knownRegions = (
				English,
				Japanese,
				French,
				German,
			);
			mainGroup = 29B97314FDCFA39411CA2CEA /* CustomTemplate */;
			projectDirPath = "";
			projectReferences = (
				{
					ProductGroup = 1AC6FAE6180E9839004C840B /* Products */;
					ProjectRef = 1AC6FAE5180E9839004C840B /* cocos2d_libs.xcodeproj */;
				},
			);
			projectRoot = "";
			targets = (
				1D6058900D05DD3D006BFB54 /* ColorMatch iOS */,
				5087E73D17EB910900C73F5D /* ColorMatch Mac */,
			);
		};
/* End PBXProject section */

/* Begin PBXReferenceProxy section */
		1AC6FAF9180E9839004C840B /* libcocos2dx Mac.a */ = {
			isa = PBXReferenceProxy;
			fileType = archive.ar;
			path = "libcocos2dx Mac.a";
			remoteRef = 1AC6FAF8180E9839004C840B /* PBXContainerItemProxy */;
			sourceTree = BUILT_PRODUCTS_DIR;
		};
		1AC6FAFB180E9839004C840B /* libcocos2dx-extensions Mac.a */ = {
			isa = PBXReferenceProxy;
			fileType = archive.ar;
			path = "libcocos2dx-extensions Mac.a";
			remoteRef = 1AC6FAFA180E9839004C840B /* PBXContainerItemProxy */;
			sourceTree = BUILT_PRODUCTS_DIR;
		};
		1AC6FAFD180E9839004C840B /* libchipmunk Mac.a */ = {
			isa = PBXReferenceProxy;
			fileType = archive.ar;
			path = "libchipmunk Mac.a";
			remoteRef = 1AC6FAFC180E9839004C840B /* PBXContainerItemProxy */;
			sourceTree = BUILT_PRODUCTS_DIR;
		};
		1AC6FAFF180E9839004C840B /* libbox2d Mac.a */ = {
			isa = PBXReferenceProxy;
			fileType = archive.ar;
			path = "libbox2d Mac.a";
			remoteRef = 1AC6FAFE180E9839004C840B /* PBXContainerItemProxy */;
			sourceTree = BUILT_PRODUCTS_DIR;
		};
		1AC6FB01180E9839004C840B /* libCocosDenshion Mac.a */ = {
			isa = PBXReferenceProxy;
			fileType = archive.ar;
			path = "libCocosDenshion Mac.a";
			remoteRef = 1AC6FB00180E9839004C840B /* PBXContainerItemProxy */;
			sourceTree = BUILT_PRODUCTS_DIR;
		};
		1AC6FB07180E9839004C840B /* libcocos2dx iOS.a */ = {
			isa = PBXReferenceProxy;
			fileType = archive.ar;
			path = "libcocos2dx iOS.a";
			remoteRef = 1AC6FB06180E9839004C840B /* PBXContainerItemProxy */;
			sourceTree = BUILT_PRODUCTS_DIR;
		};
		1AC6FB09180E9839004C840B /* libcocos2dx-extensions iOS.a */ = {
			isa = PBXReferenceProxy;
			fileType = archive.ar;
			path = "libcocos2dx-extensions iOS.a";
			remoteRef = 1AC6FB08180E9839004C840B /* PBXContainerItemProxy */;
			sourceTree = BUILT_PRODUCTS_DIR;
		};
		1AC6FB0B180E9839004C840B /* libchipmunk iOS.a */ = {
			isa = PBXReferenceProxy;
			fileType = archive.ar;
			path = "libchipmunk iOS.a";
			remoteRef = 1AC6FB0A180E9839004C840B /* PBXContainerItemProxy */;
			sourceTree = BUILT_PRODUCTS_DIR;
		};
		1AC6FB0D180E9839004C840B /* libbox2d iOS.a */ = {
			isa = PBXReferenceProxy;
			fileType = archive.ar;
			path = "libbox2d iOS.a";
			remoteRef = 1AC6FB0C180E9839004C840B /* PBXContainerItemProxy */;
			sourceTree = BUILT_PRODUCTS_DIR;
		};
		1AC6FB0F180E9839004C840B /* libCocosDenshion iOS.a */ = {
			isa = PBXReferenceProxy;
			fileType = archive.ar;
			path = "libCocosDenshion iOS.a";
			remoteRef = 1AC6FB0E180E9839004C840B /* PBXContainerItemProxy */;
			sourceTree = BUILT_PRODUCTS_DIR;
		};
/* End PBXReferenceProxy section */

/* Begin PBXResourcesBuildPhase section */
		1D60588D0D05DD3D006BFB54 /* Resources */ = {
			isa = PBXResourcesBuildPhase;
			buildActionMask = 2147483647;
			files = (
				51B50A081940682F00A3CE12 /* Icon.png in Resources */,
				51B50A0A1940682F00A3CE12 /* Icon@2x.png in Resources */,
				51B50A061940682F00A3CE12 /* Icon-Spotlight-iOS7@2x.png in Resources */,
				5087E78117EB970100C73F5D /* Icon-120.png in Resources */,
				5087E78617EB970100C73F5D /* Icon-76.png in Resources */,
				5087E77F17EB970100C73F5D /* Default@2x.png in Resources */,
				51B509CC1940682F00A3CE12 /* Background.png in Resources */,
				51B509F81940682F00A3CE12 /* Icon-76.png in Resources */,
				51B509D61940682F00A3CE12 /* Ball_orange-hd.png in Resources */,
				51B509D41940682F00A3CE12 /* Ball_green.png in Resources */,
				51B50A121940682F00A3CE12 /* pop.wav in Resources */,
				51B509E41940682F00A3CE12 /* Ball_yellow.png in Resources */,
				50EF629917ECD46A001EB2F8 /* Icon-100.png in Resources */,
				51B509F21940682F00A3CE12 /* Icon-120.png in Resources */,
				1AFAF8BC16D35E4900DB1158 /* CloseNormal.png in Resources */,
				51B509CE1940682F00A3CE12 /* Ball_blue-hd.png in Resources */,
				5087E78317EB970100C73F5D /* Icon-152.png in Resources */,
				51B509D21940682F00A3CE12 /* Ball_green-hd.png in Resources */,
				51B509DE1940682F00A3CE12 /* Ball_violet-hd.png in Resources */,
				51B509F61940682F00A3CE12 /* Icon-72@2x.png in Resources */,
				5087E77D17EB970100C73F5D /* Default-568h@2x.png in Resources */,
				51B509EE1940682F00A3CE12 /* Foreground-hd.png in Resources */,
				51B509FC1940682F00A3CE12 /* Icon-iPad-Spotlight-iOS7@2x.png in Resources */,
				51B509E81940682F00A3CE12 /* Default-Landscape~ipad.png in Resources */,
				51B50A0E1940682F00A3CE12 /* ploop.wav in Resources */,
				5087E78517EB970100C73F5D /* Icon-72.png in Resources */,
				51B50A001940682F00A3CE12 /* Icon-Small.png in Resources */,
				1AFAF8BD16D35E4900DB1158 /* CloseSelected.png in Resources */,
				50EF62A317ECD613001EB2F8 /* Icon-50.png in Resources */,
				51B50A101940682F00A3CE12 /* pop.plist in Resources */,
				5087E78017EB970100C73F5D /* Icon-114.png in Resources */,
				51B509EC1940682F00A3CE12 /* Default@2x.png in Resources */,
				51B509FE1940682F00A3CE12 /* Icon-Small-50.png in Resources */,
				51B509EA1940682F00A3CE12 /* Default.png in Resources */,
				1AFAF8BE16D35E4900DB1158 /* HelloWorld.png in Resources */,
				50EF62A217ECD613001EB2F8 /* Icon-29.png in Resources */,
				51B509D01940682F00A3CE12 /* Ball_blue.png in Resources */,
				51B509E21940682F00A3CE12 /* Ball_yellow-hd.png in Resources */,
				51B50A0C1940682F00A3CE12 /* Info.plist in Resources */,
				51B509E01940682F00A3CE12 /* Ball_violet.png in Resources */,
				51B509CA1940682F00A3CE12 /* Background-hd.png in Resources */,
				51B50A141940682F00A3CE12 /* thump.wav in Resources */,
				51B509DA1940682F00A3CE12 /* Ball_red-hd.png in Resources */,
				51B509E61940682F00A3CE12 /* Default-568h@2x.png in Resources */,
				51B509F01940682F00A3CE12 /* Foreground.png in Resources */,
				50EF629617ECD46A001EB2F8 /* Icon-40.png in Resources */,
				5087E78217EB970100C73F5D /* Icon-144.png in Resources */,
				51B509DC1940682F00A3CE12 /* Ball_red.png in Resources */,
				50EF629817ECD46A001EB2F8 /* Icon-80.png in Resources */,
				51B50A041940682F00A3CE12 /* Icon-Spotlight-iOS7.png in Resources */,
				51B509FA1940682F00A3CE12 /* Icon-76@2x.png in Resources */,
				51B509F41940682F00A3CE12 /* Icon-72.png in Resources */,
				5087E78417EB970100C73F5D /* Icon-57.png in Resources */,
				51B509D81940682F00A3CE12 /* Ball_orange.png in Resources */,
				51B50A021940682F00A3CE12 /* Icon-Small@2x.png in Resources */,
				5087E77E17EB970100C73F5D /* Default.png in Resources */,
				50EF629717ECD46A001EB2F8 /* Icon-58.png in Resources */,
			);
			runOnlyForDeploymentPostprocessing = 0;
		};
		5087E74817EB910900C73F5D /* Resources */ = {
			isa = PBXResourcesBuildPhase;
			buildActionMask = 2147483647;
			files = (
				51B50A091940682F00A3CE12 /* Icon.png in Resources */,
				51B509D91940682F00A3CE12 /* Ball_orange.png in Resources */,
				51B509CF1940682F00A3CE12 /* Ball_blue-hd.png in Resources */,
				51B509F71940682F00A3CE12 /* Icon-72@2x.png in Resources */,
				51B509E31940682F00A3CE12 /* Ball_yellow-hd.png in Resources */,
				51B509F31940682F00A3CE12 /* Icon-120.png in Resources */,
				5087E75317EB910900C73F5D /* CloseNormal.png in Resources */,
				51B509EB1940682F00A3CE12 /* Default.png in Resources */,
				51B509D11940682F00A3CE12 /* Ball_blue.png in Resources */,
				503AE0F817EB97AB00D1A890 /* Icon.icns in Resources */,
				51B509E51940682F00A3CE12 /* Ball_yellow.png in Resources */,
				51B50A151940682F00A3CE12 /* thump.wav in Resources */,
				51B50A071940682F00A3CE12 /* Icon-Spotlight-iOS7@2x.png in Resources */,
				51B509FB1940682F00A3CE12 /* Icon-76@2x.png in Resources */,
				51B509F51940682F00A3CE12 /* Icon-72.png in Resources */,
				51B50A0F1940682F00A3CE12 /* ploop.wav in Resources */,
				51B50A131940682F00A3CE12 /* pop.wav in Resources */,
				51B509D51940682F00A3CE12 /* Ball_green.png in Resources */,
				51B50A051940682F00A3CE12 /* Icon-Spotlight-iOS7.png in Resources */,
				5087E75417EB910900C73F5D /* CloseSelected.png in Resources */,
				51B50A111940682F00A3CE12 /* pop.plist in Resources */,
				51B509DB1940682F00A3CE12 /* Ball_red-hd.png in Resources */,
				51B509DD1940682F00A3CE12 /* Ball_red.png in Resources */,
				51B50A011940682F00A3CE12 /* Icon-Small.png in Resources */,
				51B509F11940682F00A3CE12 /* Foreground.png in Resources */,
				51B509CD1940682F00A3CE12 /* Background.png in Resources */,
				51B509FD1940682F00A3CE12 /* Icon-iPad-Spotlight-iOS7@2x.png in Resources */,
				51B509F91940682F00A3CE12 /* Icon-76.png in Resources */,
				51B50A031940682F00A3CE12 /* Icon-Small@2x.png in Resources */,
				51B509E71940682F00A3CE12 /* Default-568h@2x.png in Resources */,
				51B509CB1940682F00A3CE12 /* Background-hd.png in Resources */,
				51B509E91940682F00A3CE12 /* Default-Landscape~ipad.png in Resources */,
				51B50A0D1940682F00A3CE12 /* Info.plist in Resources */,
				51B509ED1940682F00A3CE12 /* Default@2x.png in Resources */,
				51B509DF1940682F00A3CE12 /* Ball_violet-hd.png in Resources */,
				5087E75517EB910900C73F5D /* HelloWorld.png in Resources */,
				51B509D31940682F00A3CE12 /* Ball_green-hd.png in Resources */,
				51B509EF1940682F00A3CE12 /* Foreground-hd.png in Resources */,
				51B50A0B1940682F00A3CE12 /* Icon@2x.png in Resources */,
				51B509FF1940682F00A3CE12 /* Icon-Small-50.png in Resources */,
				51B509D71940682F00A3CE12 /* Ball_orange-hd.png in Resources */,
				51B509E11940682F00A3CE12 /* Ball_violet.png in Resources */,
			);
			runOnlyForDeploymentPostprocessing = 0;
		};
/* End PBXResourcesBuildPhase section */

/* Begin PBXSourcesBuildPhase section */
		1D60588E0D05DD3D006BFB54 /* Sources */ = {
			isa = PBXSourcesBuildPhase;
			buildActionMask = 2147483647;
			files = (
				51B50A1719406A9200A3CE12 /* Ball.cpp in Sources */,
				503AE10017EB989F00D1A890 /* AppController.mm in Sources */,
				51B50A1A19406AB000A3CE12 /* ColorMatchScene.cpp in Sources */,
				503AE10217EB989F00D1A890 /* RootViewController.mm in Sources */,
				1AFAF8B716D35DE700DB1158 /* AppDelegate.cpp in Sources */,
				503AE10117EB989F00D1A890 /* main.m in Sources */,
			);
			runOnlyForDeploymentPostprocessing = 0;
		};
		5087E75617EB910900C73F5D /* Sources */ = {
			isa = PBXSourcesBuildPhase;
			buildActionMask = 2147483647;
			files = (
				51B50A1819406A9200A3CE12 /* Ball.cpp in Sources */,
				5087E75717EB910900C73F5D /* AppDelegate.cpp in Sources */,
				51B50A1B19406AB000A3CE12 /* ColorMatchScene.cpp in Sources */,
				503AE10517EB98FF00D1A890 /* main.cpp in Sources */,
			);
			runOnlyForDeploymentPostprocessing = 0;
		};
/* End PBXSourcesBuildPhase section */

/* Begin PBXTargetDependency section */
		1AC6FB16180E9959004C840B /* PBXTargetDependency */ = {
			isa = PBXTargetDependency;
			name = "cocos2dx Mac";
			targetProxy = 1AC6FB15180E9959004C840B /* PBXContainerItemProxy */;
		};
		1AC6FB18180E9959004C840B /* PBXTargetDependency */ = {
			isa = PBXTargetDependency;
			name = "cocos2dx-extensions Mac";
			targetProxy = 1AC6FB17180E9959004C840B /* PBXContainerItemProxy */;
		};
		1AC6FB1A180E9959004C840B /* PBXTargetDependency */ = {
			isa = PBXTargetDependency;
			name = "chipmunk Mac";
			targetProxy = 1AC6FB19180E9959004C840B /* PBXContainerItemProxy */;
		};
		1AC6FB1C180E9959004C840B /* PBXTargetDependency */ = {
			isa = PBXTargetDependency;
			name = "CocosDenshion Mac";
			targetProxy = 1AC6FB1B180E9959004C840B /* PBXContainerItemProxy */;
		};
		1AC6FB1E180E9963004C840B /* PBXTargetDependency */ = {
			isa = PBXTargetDependency;
			name = "box2d Mac";
			targetProxy = 1AC6FB1D180E9963004C840B /* PBXContainerItemProxy */;
		};
		1AC6FB25180E99E1004C840B /* PBXTargetDependency */ = {
			isa = PBXTargetDependency;
			name = "cocos2dx iOS";
			targetProxy = 1AC6FB24180E99E1004C840B /* PBXContainerItemProxy */;
		};
		1AC6FB27180E99E1004C840B /* PBXTargetDependency */ = {
			isa = PBXTargetDependency;
			name = "cocos2dx-extensions iOS";
			targetProxy = 1AC6FB26180E99E1004C840B /* PBXContainerItemProxy */;
		};
		1AC6FB29180E99E1004C840B /* PBXTargetDependency */ = {
			isa = PBXTargetDependency;
			name = "chipmunk iOS";
			targetProxy = 1AC6FB28180E99E1004C840B /* PBXContainerItemProxy */;
		};
		1AC6FB2B180E99E1004C840B /* PBXTargetDependency */ = {
			isa = PBXTargetDependency;
			name = "box2d iOS";
			targetProxy = 1AC6FB2A180E99E1004C840B /* PBXContainerItemProxy */;
		};
		1AC6FB2D180E99E1004C840B /* PBXTargetDependency */ = {
			isa = PBXTargetDependency;
			name = "CocosDenshion iOS";
			targetProxy = 1AC6FB2C180E99E1004C840B /* PBXContainerItemProxy */;
		};
/* End PBXTargetDependency section */

/* Begin XCBuildConfiguration section */
		1D6058940D05DD3E006BFB54 /* Debug */ = {
			isa = XCBuildConfiguration;
			buildSettings = {
				ALWAYS_SEARCH_USER_PATHS = YES;
				CODE_SIGN_IDENTITY = "iPhone Developer";
				COMPRESS_PNG_FILES = NO;
				GCC_DYNAMIC_NO_PIC = NO;
				GCC_INLINES_ARE_PRIVATE_EXTERN = NO;
				GCC_PRECOMPILE_PREFIX_HEADER = YES;
				GCC_PREFIX_HEADER = ios/Prefix.pch;
				GCC_PREPROCESSOR_DEFINITIONS = (
					USE_FILE32API,
					CC_TARGET_OS_IPHONE,
					"COCOS2D_DEBUG=1",
					"CC_ENABLE_CHIPMUNK_INTEGRATION=1",
				);
				GCC_SYMBOLS_PRIVATE_EXTERN = NO;
				HEADER_SEARCH_PATHS = (
					"$(inherited)",
					"$(SRCROOT)/../cocos2d/cocos/2d/platform/ios",
					"$(SRCROOT)/../cocos2d/cocos/2d/platform/ios/Simulation",
				);
				INFOPLIST_FILE = ios/Info.plist;
				IPHONEOS_DEPLOYMENT_TARGET = 5.0;
				LIBRARY_SEARCH_PATHS = "";
				SDKROOT = iphoneos;
				TARGETED_DEVICE_FAMILY = "1,2";
				USER_HEADER_SEARCH_PATHS = "";
			};
			name = Debug;
		};
		1D6058950D05DD3E006BFB54 /* Release */ = {
			isa = XCBuildConfiguration;
			buildSettings = {
				ALWAYS_SEARCH_USER_PATHS = YES;
				CODE_SIGN_IDENTITY = "iPhone Developer";
				COMPRESS_PNG_FILES = NO;
				GCC_INLINES_ARE_PRIVATE_EXTERN = NO;
				GCC_PRECOMPILE_PREFIX_HEADER = YES;
				GCC_PREFIX_HEADER = ios/Prefix.pch;
				GCC_PREPROCESSOR_DEFINITIONS = (
					USE_FILE32API,
					CC_TARGET_OS_IPHONE,
					"CC_ENABLE_CHIPMUNK_INTEGRATION=1",
				);
				GCC_SYMBOLS_PRIVATE_EXTERN = NO;
				HEADER_SEARCH_PATHS = (
					"$(inherited)",
					"$(SRCROOT)/../cocos2d/cocos/2d/platform/ios",
					"$(SRCROOT)/../cocos2d/cocos/2d/platform/ios/Simulation",
				);
				INFOPLIST_FILE = ios/Info.plist;
				IPHONEOS_DEPLOYMENT_TARGET = 5.0;
				LIBRARY_SEARCH_PATHS = "";
				SDKROOT = iphoneos;
				TARGETED_DEVICE_FAMILY = "1,2";
				USER_HEADER_SEARCH_PATHS = "";
			};
			name = Release;
		};
		5087E76D17EB910900C73F5D /* Debug */ = {
			isa = XCBuildConfiguration;
			buildSettings = {
				ALWAYS_SEARCH_USER_PATHS = YES;
				ARCHS = "$(ARCHS_STANDARD_64_BIT)";
				CLANG_CXX_LANGUAGE_STANDARD = "c++0x";
				CLANG_CXX_LIBRARY = "libc++";
				GCC_DYNAMIC_NO_PIC = NO;
				GCC_INLINES_ARE_PRIVATE_EXTERN = NO;
				GCC_PRECOMPILE_PREFIX_HEADER = YES;
				GCC_PREFIX_HEADER = mac/Prefix.pch;
				GCC_PREPROCESSOR_DEFINITIONS = (
					USE_FILE32API,
					CC_TARGET_OS_MAC,
					"COCOS2D_DEBUG=1",
					"CC_ENABLE_CHIPMUNK_INTEGRATION=1",
				);
				GCC_SYMBOLS_PRIVATE_EXTERN = NO;
				HEADER_SEARCH_PATHS = (
					"$(inherited)",
					"$(SRCROOT)/../cocos2d/cocos/2d/platform/mac",
					"$(SRCROOT)/../cocos2d/external/glfw3/include/mac",
				);
				INFOPLIST_FILE = mac/Info.plist;
				LIBRARY_SEARCH_PATHS = "";
				USER_HEADER_SEARCH_PATHS = "";
			};
			name = Debug;
		};
		5087E76E17EB910900C73F5D /* Release */ = {
			isa = XCBuildConfiguration;
			buildSettings = {
				ALWAYS_SEARCH_USER_PATHS = YES;
				ARCHS = "$(ARCHS_STANDARD_64_BIT)";
				CLANG_CXX_LANGUAGE_STANDARD = "c++0x";
				CLANG_CXX_LIBRARY = "libc++";
				GCC_INLINES_ARE_PRIVATE_EXTERN = NO;
				GCC_PRECOMPILE_PREFIX_HEADER = YES;
				GCC_PREFIX_HEADER = mac/Prefix.pch;
				GCC_PREPROCESSOR_DEFINITIONS = (
					USE_FILE32API,
					CC_TARGET_OS_MAC,
					"CC_ENABLE_CHIPMUNK_INTEGRATION=1",
				);
				GCC_SYMBOLS_PRIVATE_EXTERN = NO;
				HEADER_SEARCH_PATHS = (
					"$(inherited)",
					"$(SRCROOT)/../cocos2d/cocos/2d/platform/mac",
					"$(SRCROOT)/../cocos2d/external/glfw3/include/mac",
				);
				INFOPLIST_FILE = mac/Info.plist;
				LIBRARY_SEARCH_PATHS = "";
				USER_HEADER_SEARCH_PATHS = "";
			};
			name = Release;
		};
		C01FCF4F08A954540054247B /* Debug */ = {
			isa = XCBuildConfiguration;
			buildSettings = {
				CLANG_CXX_LANGUAGE_STANDARD = "c++0x";
				CLANG_CXX_LIBRARY = "libc++";
				COPY_PHASE_STRIP = NO;
				GCC_OPTIMIZATION_LEVEL = 0;
				GCC_WARN_ABOUT_RETURN_TYPE = YES;
				GCC_WARN_UNUSED_VARIABLE = YES;
				HEADER_SEARCH_PATHS = (
					"$(SRCROOT)/../cocos2d",
					"$(SRCROOT)/../cocos2d/cocos",
					"$(SRCROOT)/../cocos2d/cocos/base",
					"$(SRCROOT)/../cocos2d/cocos/physics",
					"$(SRCROOT)/../cocos2d/cocos/math/kazmath",
					"$(SRCROOT)/../cocos2d/cocos/2d",
					"$(SRCROOT)/../cocos2d/cocos/ui",
					"$(SRCROOT)/../cocos2d/cocos/network",
					"$(SRCROOT)/../cocos2d/cocos/audio/include",
					"$(SRCROOT)/../cocos2d/cocos/editor-support",
					"$(SRCROOT)/../cocos2d/extensions",
					"$(SRCROOT)/../cocos2d/external",
					"$(SRCROOT)/../cocos2d/external/chipmunk/include/chipmunk",
				);
				ONLY_ACTIVE_ARCH = YES;
				PRODUCT_NAME = "$(TARGET_NAME)";
				SDKROOT = macosx;
			};
			name = Debug;
		};
		C01FCF5008A954540054247B /* Release */ = {
			isa = XCBuildConfiguration;
			buildSettings = {
				CLANG_CXX_LANGUAGE_STANDARD = "c++0x";
				CLANG_CXX_LIBRARY = "libc++";
				GCC_WARN_ABOUT_RETURN_TYPE = YES;
				GCC_WARN_UNUSED_VARIABLE = YES;
				HEADER_SEARCH_PATHS = (
					"$(SRCROOT)/../cocos2d",
					"$(SRCROOT)/../cocos2d/cocos",
					"$(SRCROOT)/../cocos2d/cocos/base",
					"$(SRCROOT)/../cocos2d/cocos/physics",
					"$(SRCROOT)/../cocos2d/cocos/math/kazmath",
					"$(SRCROOT)/../cocos2d/cocos/2d",
					"$(SRCROOT)/../cocos2d/cocos/ui",
					"$(SRCROOT)/../cocos2d/cocos/network",
					"$(SRCROOT)/../cocos2d/cocos/audio/include",
					"$(SRCROOT)/../cocos2d/cocos/editor-support",
					"$(SRCROOT)/../cocos2d/extensions",
					"$(SRCROOT)/../cocos2d/external",
					"$(SRCROOT)/../cocos2d/external/chipmunk/include/chipmunk",
				);
				OTHER_CFLAGS = "-DNS_BLOCK_ASSERTIONS=1";
				PRODUCT_NAME = "$(TARGET_NAME)";
				SDKROOT = macosx;
				VALIDATE_PRODUCT = YES;
			};
			name = Release;
		};
/* End XCBuildConfiguration section */

/* Begin XCConfigurationList section */
		1D6058960D05DD3E006BFB54 /* Build configuration list for PBXNativeTarget "ColorMatch iOS" */ = {
			isa = XCConfigurationList;
			buildConfigurations = (
				1D6058940D05DD3E006BFB54 /* Debug */,
				1D6058950D05DD3E006BFB54 /* Release */,
			);
			defaultConfigurationIsVisible = 0;
			defaultConfigurationName = Debug;
		};
		5087E76C17EB910900C73F5D /* Build configuration list for PBXNativeTarget "ColorMatch Mac" */ = {
			isa = XCConfigurationList;
			buildConfigurations = (
				5087E76D17EB910900C73F5D /* Debug */,
				5087E76E17EB910900C73F5D /* Release */,
			);
			defaultConfigurationIsVisible = 0;
			defaultConfigurationName = Debug;
		};
		C01FCF4E08A954540054247B /* Build configuration list for PBXProject "ColorMatch" */ = {
			isa = XCConfigurationList;
			buildConfigurations = (
				C01FCF4F08A954540054247B /* Debug */,
				C01FCF5008A954540054247B /* Release */,
			);
			defaultConfigurationIsVisible = 0;
			defaultConfigurationName = Debug;
		};
/* End XCConfigurationList section */
	};
	rootObject = 29B97313FDCFA39411CA2CEA /* Project object */;
}
